
Microsoft Visual Studio Solution File, Format Version 12.00
# Visual Studio Version 17
VisualStudioVersion = 17.5.33502.453
MinimumVisualStudioVersion = 10.0.40219.1
Project("{FAE04EC0-301F-11D3-BF4B-00C04F79EFBC}") = "SampleArchitecture", "SampleArchitecture\SampleArchitecture.csproj", "{CC25B0D4-E13A-4D9B-A3F2-7082B7F1C5C5}"
EndProject
Project("{2150E333-8FDC-42A3-9474-1A3956D46DE8}") = "Core", "Core", "{3D0B896B-8092-4369-9120-2C2E7E75F884}"
EndProject
Project("{FAE04EC0-301F-11D3-BF4B-00C04F79EFBC}") = "Application", "Core\Application\Application.csproj", "{2C15E633-AD02-4D90-AA23-0F3E106F5E6D}"
EndProject
Project("{FAE04EC0-301F-11D3-BF4B-00C04F79EFBC}") = "Domain", "Core\Domain\Domain.csproj", "{6D8B4E03-8559-4238-8654-D83561DEF51F}"
EndProject
Project("{2150E333-8FDC-42A3-9474-1A3956D46DE8}") = "Infrastructure", "Infrastructure", "{DCCB3BDD-A974-4C60-956E-3B49DD3D1D5C}"
EndProject
Project("{FAE04EC0-301F-11D3-BF4B-00C04F79EFBC}") = "Persistence", "Infrastructure\Persistence\Persistence.csproj", "{B76162FF-D1D6-4F45-A7A9-0BA3DEAD1DF4}"
EndProject
Project("{FAE04EC0-301F-11D3-BF4B-00C04F79EFBC}") = "Infrastructure", "Infrastructure\Infrastructure\Infrastructure.csproj", "{26CFAB02-6B2A-4F99-BBE3-CB731485DC53}"
EndProject
Global
	GlobalSection(SolutionConfigurationPlatforms) = preSolution
		Debug|Any CPU = Debug|Any CPU
		Release|Any CPU = Release|Any CPU
	EndGlobalSection
	GlobalSection(ProjectConfigurationPlatforms) = postSolution
		{CC25B0D4-E13A-4D9B-A3F2-7082B7F1C5C5}.Debug|Any CPU.ActiveCfg = Debug|Any CPU
		{CC25B0D4-E13A-4D9B-A3F2-7082B7F1C5C5}.Debug|Any CPU.Build.0 = Debug|Any CPU
		{CC25B0D4-E13A-4D9B-A3F2-7082B7F1C5C5}.Release|Any CPU.ActiveCfg = Release|Any CPU
		{CC25B0D4-E13A-4D9B-A3F2-7082B7F1C5C5}.Release|Any CPU.Build.0 = Release|Any CPU
		{2C15E633-AD02-4D90-AA23-0F3E106F5E6D}.Debug|Any CPU.ActiveCfg = Debug|Any CPU
		{2C15E633-AD02-4D90-AA23-0F3E106F5E6D}.Debug|Any CPU.Build.0 = Debug|Any CPU
		{2C15E633-AD02-4D90-AA23-0F3E106F5E6D}.Release|Any CPU.ActiveCfg = Release|Any CPU
		{2C15E633-AD02-4D90-AA23-0F3E106F5E6D}.Release|Any CPU.Build.0 = Release|Any CPU
		{6D8B4E03-8559-4238-8654-D83561DEF51F}.Debug|Any CPU.ActiveCfg = Debug|Any CPU
		{6D8B4E03-8559-4238-8654-D83561DEF51F}.Debug|Any CPU.Build.0 = Debug|Any CPU
		{6D8B4E03-8559-4238-8654-D83561DEF51F}.Release|Any CPU.ActiveCfg = Release|Any CPU
		{6D8B4E03-8559-4238-8654-D83561DEF51F}.Release|Any CPU.Build.0 = Release|Any CPU
		{B76162FF-D1D6-4F45-A7A9-0BA3DEAD1DF4}.Debug|Any CPU.ActiveCfg = Debug|Any CPU
		{B76162FF-D1D6-4F45-A7A9-0BA3DEAD1DF4}.Debug|Any CPU.Build.0 = Debug|Any CPU
		{B76162FF-D1D6-4F45-A7A9-0BA3DEAD1DF4}.Release|Any CPU.ActiveCfg = Release|Any CPU
		{B76162FF-D1D6-4F45-A7A9-0BA3DEAD1DF4}.Release|Any CPU.Build.0 = Release|Any CPU
		{26CFAB02-6B2A-4F99-BBE3-CB731485DC53}.Debug|Any CPU.ActiveCfg = Debug|Any CPU
		{26CFAB02-6B2A-4F99-BBE3-CB731485DC53}.Debug|Any CPU.Build.0 = Debug|Any CPU
		{26CFAB02-6B2A-4F99-BBE3-CB731485DC53}.Release|Any CPU.ActiveCfg = Release|Any CPU
		{26CFAB02-6B2A-4F99-BBE3-CB731485DC53}.Release|Any CPU.Build.0 = Release|Any CPU
	EndGlobalSection
	GlobalSection(SolutionProperties) = preSolution
		HideSolutionNode = FALSE
	EndGlobalSection
	GlobalSection(NestedProjects) = preSolution
		{2C15E633-AD02-4D90-AA23-0F3E106F5E6D} = {3D0B896B-8092-4369-9120-2C2E7E75F884}
		{6D8B4E03-8559-4238-8654-D83561DEF51F} = {3D0B896B-8092-4369-9120-2C2E7E75F884}
		{B76162FF-D1D6-4F45-A7A9-0BA3DEAD1DF4} = {DCCB3BDD-A974-4C60-956E-3B49DD3D1D5C}
		{26CFAB02-6B2A-4F99-BBE3-CB731485DC53} = {DCCB3BDD-A974-4C60-956E-3B49DD3D1D5C}
	EndGlobalSection
	GlobalSection(ExtensibilityGlobals) = postSolution
		SolutionGuid = {EDF90CC5-F495-4E79-A068-1953507C6CCB}
	EndGlobalSection
EndGlobal
